
Microsoft Visual Studio Solution File, Format Version 12.00
# Visual Studio Version 17
VisualStudioVersion = 17.7.34018.315
MinimumVisualStudioVersion = 10.0.40219.1
Project("{FAE04EC0-301F-11D3-BF4B-00C04F79EFBC}") = "AgendaFE", "Agenda\AgendaFE.csproj", "{41E52DBE-1F36-4FCD-9C01-8111EC7596B2}"
EndProject
Project("{FAE04EC0-301F-11D3-BF4B-00C04F79EFBC}") = "AgendaBE", "AgendaBE\AgendaBE.csproj", "{6F79ED41-9B35-4BA1-92E5-51BABFFE94DF}"
EndProject
Global
	GlobalSection(SolutionConfigurationPlatforms) = preSolution
		Debug|Any CPU = Debug|Any CPU
		Release|Any CPU = Release|Any CPU
	EndGlobalSection
	GlobalSection(ProjectConfigurationPlatforms) = postSolution
		{41E52DBE-1F36-4FCD-9C01-8111EC7596B2}.Debug|Any CPU.ActiveCfg = Debug|Any CPU
		{41E52DBE-1F36-4FCD-9C01-8111EC7596B2}.Debug|Any CPU.Build.0 = Debug|Any CPU
		{41E52DBE-1F36-4FCD-9C01-8111EC7596B2}.Release|Any CPU.ActiveCfg = Release|Any CPU
		{41E52DBE-1F36-4FCD-9C01-8111EC7596B2}.Release|Any CPU.Build.0 = Release|Any CPU
		{6F79ED41-9B35-4BA1-92E5-51BABFFE94DF}.Debug|Any CPU.ActiveCfg = Debug|Any CPU
		{6F79ED41-9B35-4BA1-92E5-51BABFFE94DF}.Debug|Any CPU.Build.0 = Debug|Any CPU
		{6F79ED41-9B35-4BA1-92E5-51BABFFE94DF}.Release|Any CPU.ActiveCfg = Release|Any CPU
		{6F79ED41-9B35-4BA1-92E5-51BABFFE94DF}.Release|Any CPU.Build.0 = Release|Any CPU
	EndGlobalSection
	GlobalSection(SolutionProperties) = preSolution
		HideSolutionNode = FALSE
	EndGlobalSection
	GlobalSection(ExtensibilityGlobals) = postSolution
		SolutionGuid = {126CA259-1A36-4B78-9843-E3C2E2CC76C1}
	EndGlobalSection
EndGlobal
